
Microsoft Visual Studio Solution File, Format Version 12.00
# Visual Studio Version 16
VisualStudioVersion = 16.0.29009.5
MinimumVisualStudioVersion = 10.0.40219.1
Project("{FAE04EC0-301F-11D3-BF4B-00C04F79EFBC}") = "manyMethods", "manyMethods.csproj", "{07757A80-2C5D-478B-9BE2-08ADF03CB4A7}"
EndProject
Project("{FAE04EC0-301F-11D3-BF4B-00C04F79EFBC}") = "pigLatin", "..\pigLatin\pigLatin.csproj", "{D8BF3E8B-AB20-468C-8E17-E0CEABA4BB8A}"
EndProject
Project("{FAE04EC0-301F-11D3-BF4B-00C04F79EFBC}") = "rockPaperScissors", "..\rockPaperScissors\rockPaperScissors.csproj", "{3C7250B6-9ECD-4EDF-BC4F-270AD654BE69}"
EndProject
Project("{FAE04EC0-301F-11D3-BF4B-00C04F79EFBC}") = "TicTacToe", "..\TicTacToe\TicTacToe.csproj", "{332C9AA7-78C1-42E1-AF3A-49D0110D70D5}"
EndProject
Global
	GlobalSection(SolutionConfigurationPlatforms) = preSolution
		Debug|Any CPU = Debug|Any CPU
		Release|Any CPU = Release|Any CPU
	EndGlobalSection
	GlobalSection(ProjectConfigurationPlatforms) = postSolution
		{07757A80-2C5D-478B-9BE2-08ADF03CB4A7}.Debug|Any CPU.ActiveCfg = Debug|Any CPU
		{07757A80-2C5D-478B-9BE2-08ADF03CB4A7}.Debug|Any CPU.Build.0 = Debug|Any CPU
		{07757A80-2C5D-478B-9BE2-08ADF03CB4A7}.Release|Any CPU.ActiveCfg = Release|Any CPU
		{07757A80-2C5D-478B-9BE2-08ADF03CB4A7}.Release|Any CPU.Build.0 = Release|Any CPU
		{D8BF3E8B-AB20-468C-8E17-E0CEABA4BB8A}.Debug|Any CPU.ActiveCfg = Debug|Any CPU
		{D8BF3E8B-AB20-468C-8E17-E0CEABA4BB8A}.Debug|Any CPU.Build.0 = Debug|Any CPU
		{D8BF3E8B-AB20-468C-8E17-E0CEABA4BB8A}.Release|Any CPU.ActiveCfg = Release|Any CPU
		{D8BF3E8B-AB20-468C-8E17-E0CEABA4BB8A}.Release|Any CPU.Build.0 = Release|Any CPU
		{3C7250B6-9ECD-4EDF-BC4F-270AD654BE69}.Debug|Any CPU.ActiveCfg = Debug|Any CPU
		{3C7250B6-9ECD-4EDF-BC4F-270AD654BE69}.Debug|Any CPU.Build.0 = Debug|Any CPU
		{3C7250B6-9ECD-4EDF-BC4F-270AD654BE69}.Release|Any CPU.ActiveCfg = Release|Any CPU
		{3C7250B6-9ECD-4EDF-BC4F-270AD654BE69}.Release|Any CPU.Build.0 = Release|Any CPU
		{332C9AA7-78C1-42E1-AF3A-49D0110D70D5}.Debug|Any CPU.ActiveCfg = Debug|Any CPU
		{332C9AA7-78C1-42E1-AF3A-49D0110D70D5}.Debug|Any CPU.Build.0 = Debug|Any CPU
		{332C9AA7-78C1-42E1-AF3A-49D0110D70D5}.Release|Any CPU.ActiveCfg = Release|Any CPU
		{332C9AA7-78C1-42E1-AF3A-49D0110D70D5}.Release|Any CPU.Build.0 = Release|Any CPU
	EndGlobalSection
	GlobalSection(SolutionProperties) = preSolution
		HideSolutionNode = FALSE
	EndGlobalSection
	GlobalSection(ExtensibilityGlobals) = postSolution
		SolutionGuid = {EEA4B9E5-EA87-42B3-A2D6-9CE9CB0E47AC}
	EndGlobalSection
EndGlobal
